{
  "version": 4,
  "terraform_version": "1.6.6",
  "serial": 4,
  "lineage": "1c5e6992-06ec-2ed2-48b3-38594ecc1f12",
  "outputs": {},
  "resources": [
    {
      "mode": "managed",
      "type": "aws_instance",
      "name": "server",
      "provider": "provider[\"registry.terraform.io/hashicorp/aws\"]",
      "instances": [
        {
          "schema_version": 1,
          "attributes": {
            "ami": "ami-03f4878755434977f",
            "arn": "arn:aws:ec2:ap-south-1:390109504954:instance/i-0fbcb27a007a9f571",
            "associate_public_ip_address": false,
            "availability_zone": "ap-south-1a",
            "capacity_reservation_specification": [
              {
                "capacity_reservation_preference": "open",
                "capacity_reservation_target": []
              }
            ],
            "cpu_core_count": 1,
            "cpu_options": [
              {
                "amd_sev_snp": "",
                "core_count": 1,
                "threads_per_core": 1
              }
            ],
            "cpu_threads_per_core": 1,
            "credit_specification": [
              {
                "cpu_credits": "standard"
              }
            ],
            "disable_api_stop": false,
            "disable_api_termination": false,
            "ebs_block_device": [],
            "ebs_optimized": false,
            "enclave_options": [
              {
                "enabled": false
              }
            ],
            "ephemeral_block_device": [],
            "get_password_data": false,
            "hibernation": false,
            "host_id": "",
            "host_resource_group_arn": null,
            "iam_instance_profile": "",
            "id": "i-0fbcb27a007a9f571",
            "instance_initiated_shutdown_behavior": "stop",
            "instance_lifecycle": "",
            "instance_market_options": [],
            "instance_state": "running",
            "instance_type": "t2.micro",
            "ipv6_address_count": 0,
            "ipv6_addresses": [],
            "key_name": "sample1",
            "launch_template": [],
            "maintenance_options": [
              {
                "auto_recovery": "default"
              }
            ],
            "metadata_options": [
              {
                "http_endpoint": "enabled",
                "http_protocol_ipv6": "disabled",
                "http_put_response_hop_limit": 1,
                "http_tokens": "optional",
                "instance_metadata_tags": "disabled"
              }
            ],
            "monitoring": false,
            "network_interface": [],
            "outpost_arn": "",
            "password_data": "",
            "placement_group": "",
            "placement_partition_number": 0,
            "primary_network_interface_id": "eni-0e700b3fab0f5061d",
            "private_dns": "ip-10-0-0-36.ap-south-1.compute.internal",
            "private_dns_name_options": [
              {
                "enable_resource_name_dns_a_record": false,
                "enable_resource_name_dns_aaaa_record": false,
                "hostname_type": "ip-name"
              }
            ],
            "private_ip": "10.0.0.36",
            "public_dns": "",
            "public_ip": "",
            "root_block_device": [
              {
                "delete_on_termination": true,
                "device_name": "/dev/sda1",
                "encrypted": false,
                "iops": 100,
                "kms_key_id": "",
                "tags": {},
                "throughput": 0,
                "volume_id": "vol-02e7cb4147ff15b04",
                "volume_size": 8,
                "volume_type": "gp2"
              }
            ],
            "secondary_private_ips": [],
            "security_groups": [
              "sg-0f37dab191780c9f1"
            ],
            "source_dest_check": true,
            "spot_instance_request_id": "",
            "subnet_id": "subnet-07056ba67edeec87c",
            "tags": {
              "Name": "jenkinsmaster"
            },
            "tags_all": {
              "Name": "jenkinsmaster"
            },
            "tenancy": "default",
            "timeouts": null,
            "user_data": null,
            "user_data_base64": null,
            "user_data_replace_on_change": false,
            "volume_tags": null,
            "vpc_security_group_ids": [
              "sg-0f37dab191780c9f1"
            ]
          },
          "sensitive_attributes": [],
          "private": "eyJlMmJmYjczMC1lY2FhLTExZTYtOGY4OC0zNDM2M2JjN2M0YzAiOnsiY3JlYXRlIjo2MDAwMDAwMDAwMDAsImRlbGV0ZSI6MTIwMDAwMDAwMDAwMCwidXBkYXRlIjo2MDAwMDAwMDAwMDB9LCJzY2hlbWFfdmVyc2lvbiI6IjEifQ==",
          "dependencies": [
            "aws_key_pair.key"
          ]
        }
      ]
    },
    {
      "mode": "managed",
      "type": "aws_key_pair",
      "name": "key",
      "provider": "provider[\"registry.terraform.io/hashicorp/aws\"]",
      "instances": [
        {
          "schema_version": 1,
          "attributes": {
            "arn": "arn:aws:ec2:ap-south-1:390109504954:key-pair/sample1",
            "fingerprint": "53:f4:04:ab:3e:7f:46:c2:9b:73:93:ae:56:10:f8:c2",
            "id": "sample1",
            "key_name": "sample1",
            "key_name_prefix": "",
            "key_pair_id": "key-0ff2e04b5aeeeae66",
            "key_type": "rsa",
            "public_key": "ssh-rsa AAAAB3NzaC1yc2EAAAADAQABAAABgQDGFZMlH7Wn09QVR5nQh8JqcPgigd9lWStQ+C+Mb6BzcXOPZKKDbrTSaF/NEq9z5P5oVpR3Uptxwz/XYyxqCQy0knyiohtW7np+kxEsxe6ON1t/37Nsy4gKVcT912V7WENMBm7CTSb1pa0lsseR6asUWjtuCQfc1Jlu7Rp9vLgzfBNVCwQgbQlj39yHxeeQrKr1b6pmjYZzXABlsY4dQfg/KO6ocTRV3E5utQpTT+MAxGTK+acFkfxo8hhA0jLiShU+8D84D7Uj+QD4Np/E/vAg4vHpXH923Sa3NRGYY0GMwG7n3/kB3FZYI/p/Objkg0zywS+rXj8XRFwWYqcmMZq513VP8+ZaNZeMYBzWTxhvmEXiDXFe8nV5yUnriFyn5Dz86fC97LjPQTNbykwn3XVRiV3xH8fNWphwco0P7aoDRuonjM7COlzfP+Wr/RmrC2taZnmk9sN2b6fse8NfHdMiQa11WSeAHHlae84dvWdBo8GuEoWRUiHCaxjN/NKY3Ec= india@DESKTOP-21T3K2E",
            "tags": null,
            "tags_all": {}
          },
          "sensitive_attributes": [],
          "private": "eyJzY2hlbWFfdmVyc2lvbiI6IjEifQ=="
        }
      ]
    }
  ],
  "check_results": null
}
