{
  "version": 4,
  "terraform_version": "1.6.6",
  "serial": 10,
  "lineage": "b5adc89d-0786-4ee0-41a5-b609f31d3a75",
  "outputs": {},
  "resources": [
    {
      "mode": "managed",
      "type": "aws_instance",
      "name": "server",
      "provider": "provider[\"registry.terraform.io/hashicorp/aws\"]",
      "instances": [
        {
          "schema_version": 1,
          "attributes": {
            "ami": "ami-03f4878755434977f",
            "arn": "arn:aws:ec2:ap-south-1:390109504954:instance/i-0f94adbb0cd2b495e",
            "associate_public_ip_address": false,
            "availability_zone": "ap-south-1a",
            "capacity_reservation_specification": [
              {
                "capacity_reservation_preference": "open",
                "capacity_reservation_target": []
              }
            ],
            "cpu_core_count": 1,
            "cpu_options": [
              {
                "amd_sev_snp": "",
                "core_count": 1,
                "threads_per_core": 1
              }
            ],
            "cpu_threads_per_core": 1,
            "credit_specification": [
              {
                "cpu_credits": "standard"
              }
            ],
            "disable_api_stop": false,
            "disable_api_termination": false,
            "ebs_block_device": [],
            "ebs_optimized": false,
            "enclave_options": [
              {
                "enabled": false
              }
            ],
            "ephemeral_block_device": [],
            "get_password_data": false,
            "hibernation": false,
            "host_id": "",
            "host_resource_group_arn": null,
            "iam_instance_profile": "",
            "id": "i-0f94adbb0cd2b495e",
            "instance_initiated_shutdown_behavior": "stop",
            "instance_lifecycle": "",
            "instance_market_options": [],
            "instance_state": "running",
            "instance_type": "t2.micro",
            "ipv6_address_count": 0,
            "ipv6_addresses": [],
            "key_name": "sample",
            "launch_template": [],
            "maintenance_options": [
              {
                "auto_recovery": "default"
              }
            ],
            "metadata_options": [
              {
                "http_endpoint": "enabled",
                "http_protocol_ipv6": "disabled",
                "http_put_response_hop_limit": 1,
                "http_tokens": "optional",
                "instance_metadata_tags": "disabled"
              }
            ],
            "monitoring": false,
            "network_interface": [],
            "outpost_arn": "",
            "password_data": "",
            "placement_group": "",
            "placement_partition_number": 0,
            "primary_network_interface_id": "eni-0075b4af05fae4f12",
            "private_dns": "ip-10-0-0-74.ap-south-1.compute.internal",
            "private_dns_name_options": [
              {
                "enable_resource_name_dns_a_record": false,
                "enable_resource_name_dns_aaaa_record": false,
                "hostname_type": "ip-name"
              }
            ],
            "private_ip": "10.0.0.74",
            "public_dns": "",
            "public_ip": "",
            "root_block_device": [
              {
                "delete_on_termination": true,
                "device_name": "/dev/sda1",
                "encrypted": false,
                "iops": 100,
                "kms_key_id": "",
                "tags": {},
                "throughput": 0,
                "volume_id": "vol-05b40d6cad419dc90",
                "volume_size": 8,
                "volume_type": "gp2"
              }
            ],
            "secondary_private_ips": [],
            "security_groups": [
              "sg-0f37dab191780c9f1"
            ],
            "source_dest_check": true,
            "spot_instance_request_id": "",
            "subnet_id": "subnet-07056ba67edeec87c",
            "tags": {
              "Name": "jenkinsagent"
            },
            "tags_all": {
              "Name": "jenkinsagent"
            },
            "tenancy": "default",
            "timeouts": null,
            "user_data": null,
            "user_data_base64": null,
            "user_data_replace_on_change": false,
            "volume_tags": null,
            "vpc_security_group_ids": [
              "sg-0f37dab191780c9f1"
            ]
          },
          "sensitive_attributes": [],
          "private": "eyJlMmJmYjczMC1lY2FhLTExZTYtOGY4OC0zNDM2M2JjN2M0YzAiOnsiY3JlYXRlIjo2MDAwMDAwMDAwMDAsImRlbGV0ZSI6MTIwMDAwMDAwMDAwMCwidXBkYXRlIjo2MDAwMDAwMDAwMDB9LCJzY2hlbWFfdmVyc2lvbiI6IjEifQ==",
          "dependencies": [
            "aws_key_pair.key"
          ]
        }
      ]
    },
    {
      "mode": "managed",
      "type": "aws_key_pair",
      "name": "key",
      "provider": "provider[\"registry.terraform.io/hashicorp/aws\"]",
      "instances": [
        {
          "schema_version": 1,
          "attributes": {
            "arn": "arn:aws:ec2:ap-south-1:390109504954:key-pair/sample",
            "fingerprint": "6d:2b:88:1d:2e:8b:f4:af:bd:f3:ce:16:bd:c1:e5:f6",
            "id": "sample",
            "key_name": "sample",
            "key_name_prefix": "",
            "key_pair_id": "key-0e0d4b9e1e33964fb",
            "key_type": "rsa",
            "public_key": "ssh-rsa AAAAB3NzaC1yc2EAAAADAQABAAABgQDGgtaxLiRSk78o/AJ88yv1yKviW+62/CFJga+S1RG4FglLhjUvBZd/r4qXHJxqgPiaN/pUUxuuB+0d4Yk5kUEZUl0FCK8qWmeCkKlFYTEcSLDhNlTJZWyeC9oO4WE2SC96SfXitfJWs9MRQvSWZ90k10EEqr3KKsA3QfQbwX1Wbg4ZSxlI81kTi642JoIdEUUA9503ppm0I3wJLTea2rGVvfYULxP/mKD3/GZT45ZyPoUuVt1HYCXPMSdvvsv7xG5B6li6KrDshphy46mS1WKwjg9bwmOQcgdOz9jvMCux0HbRDYnAEsa5da0AxR85A4/zsitYCoX0vvLa9Y/CIl02Keg1X2mAbGJMPHdkTbN0mJca1vElvzvUcNV7fh4eIMxoi4zNGwG7X09LgRON5vJaGeMggVgg0aQFTGTqD2D+xiXfmTqv74vCSgVtBXXmDJDMzZSfXYTpRZQYcnGFpVYWzREv0DCNTCsKcHucq1qGT37KpBbMOLaR+qMBiYLCFG8= india@DESKTOP-21T3K2E",
            "tags": {},
            "tags_all": {}
          },
          "sensitive_attributes": [],
          "private": "eyJzY2hlbWFfdmVyc2lvbiI6IjEifQ=="
        }
      ]
    }
  ],
  "check_results": null
}
