{
  "version": 4,
  "terraform_version": "1.6.6",
  "serial": 8,
  "lineage": "b5adc89d-0786-4ee0-41a5-b609f31d3a75",
  "outputs": {},
  "resources": [
    {
      "mode": "managed",
      "type": "aws_key_pair",
      "name": "key",
      "provider": "provider[\"registry.terraform.io/hashicorp/aws\"]",
      "instances": [
        {
          "schema_version": 1,
          "attributes": {
            "arn": "arn:aws:ec2:ap-south-1:390109504954:key-pair/sample",
            "fingerprint": "6d:2b:88:1d:2e:8b:f4:af:bd:f3:ce:16:bd:c1:e5:f6",
            "id": "sample",
            "key_name": "sample",
            "key_name_prefix": "",
            "key_pair_id": "key-0e0d4b9e1e33964fb",
            "key_type": "rsa",
            "public_key": "ssh-rsa AAAAB3NzaC1yc2EAAAADAQABAAABgQDGgtaxLiRSk78o/AJ88yv1yKviW+62/CFJga+S1RG4FglLhjUvBZd/r4qXHJxqgPiaN/pUUxuuB+0d4Yk5kUEZUl0FCK8qWmeCkKlFYTEcSLDhNlTJZWyeC9oO4WE2SC96SfXitfJWs9MRQvSWZ90k10EEqr3KKsA3QfQbwX1Wbg4ZSxlI81kTi642JoIdEUUA9503ppm0I3wJLTea2rGVvfYULxP/mKD3/GZT45ZyPoUuVt1HYCXPMSdvvsv7xG5B6li6KrDshphy46mS1WKwjg9bwmOQcgdOz9jvMCux0HbRDYnAEsa5da0AxR85A4/zsitYCoX0vvLa9Y/CIl02Keg1X2mAbGJMPHdkTbN0mJca1vElvzvUcNV7fh4eIMxoi4zNGwG7X09LgRON5vJaGeMggVgg0aQFTGTqD2D+xiXfmTqv74vCSgVtBXXmDJDMzZSfXYTpRZQYcnGFpVYWzREv0DCNTCsKcHucq1qGT37KpBbMOLaR+qMBiYLCFG8= india@DESKTOP-21T3K2E",
            "tags": null,
            "tags_all": {}
          },
          "sensitive_attributes": [],
          "private": "eyJzY2hlbWFfdmVyc2lvbiI6IjEifQ=="
        }
      ]
    }
  ],
  "check_results": null
}
